
Microsoft Visual Studio Solution File, Format Version 12.00
# Visual Studio 15
VisualStudioVersion = 15.0.27130.2027
MinimumVisualStudioVersion = 10.0.40219.1
Project("{FAE04EC0-301F-11D3-BF4B-00C04F79EFBC}") = "SNHardcorePlus", "SNHardcorePlus\SNHardcorePlus.csproj", "{EA343247-8BB0-49A7-99CF-04EC2E36BD33}"
EndProject
Global
	GlobalSection(SolutionConfigurationPlatforms) = preSolution
		Debug|Any CPU = Debug|Any CPU
		Release|Any CPU = Release|Any CPU
	EndGlobalSection
	GlobalSection(ProjectConfigurationPlatforms) = postSolution
		{EA343247-8BB0-49A7-99CF-04EC2E36BD33}.Debug|Any CPU.ActiveCfg = Debug|Any CPU
		{EA343247-8BB0-49A7-99CF-04EC2E36BD33}.Debug|Any CPU.Build.0 = Debug|Any CPU
		{EA343247-8BB0-49A7-99CF-04EC2E36BD33}.Release|Any CPU.ActiveCfg = Release|Any CPU
		{EA343247-8BB0-49A7-99CF-04EC2E36BD33}.Release|Any CPU.Build.0 = Release|Any CPU
	EndGlobalSection
	GlobalSection(SolutionProperties) = preSolution
		HideSolutionNode = FALSE
	EndGlobalSection
	GlobalSection(ExtensibilityGlobals) = postSolution
		SolutionGuid = {29EA5A2F-F8F0-4C4A-9919-3ADA747541E4}
	EndGlobalSection
EndGlobal
